
Microsoft Visual Studio Solution File, Format Version 12.00
# Visual Studio Version 17
VisualStudioVersion = 17.11.35312.102
MinimumVisualStudioVersion = 10.0.40219.1
Project("{9A19103F-16F7-4668-BE54-9A1E7A4F7556}") = "ArquetipoAppium", "ArquetipoAppium.csproj", "{17B5DE09-42B1-402D-8AB3-E97B3F318E18}"
EndProject
Global
	GlobalSection(SolutionConfigurationPlatforms) = preSolution
		Debug|Any CPU = Debug|Any CPU
		Release|Any CPU = Release|Any CPU
	EndGlobalSection
	GlobalSection(ProjectConfigurationPlatforms) = postSolution
		{17B5DE09-42B1-402D-8AB3-E97B3F318E18}.Debug|Any CPU.ActiveCfg = Debug|Any CPU
		{17B5DE09-42B1-402D-8AB3-E97B3F318E18}.Debug|Any CPU.Build.0 = Debug|Any CPU
		{17B5DE09-42B1-402D-8AB3-E97B3F318E18}.Release|Any CPU.ActiveCfg = Release|Any CPU
		{17B5DE09-42B1-402D-8AB3-E97B3F318E18}.Release|Any CPU.Build.0 = Release|Any CPU
	EndGlobalSection
	GlobalSection(SolutionProperties) = preSolution
		HideSolutionNode = FALSE
	EndGlobalSection
	GlobalSection(ExtensibilityGlobals) = postSolution
		SolutionGuid = {63195DA1-D668-4B37-90B9-F94B7AF27A86}
	EndGlobalSection
EndGlobal
